
Microsoft Visual Studio Solution File, Format Version 12.00
# Visual Studio Version 16
VisualStudioVersion = 16.0.31424.327
MinimumVisualStudioVersion = 10.0.40219.1
Project("{9A19103F-16F7-4668-BE54-9A1E7A4F7556}") = "MicwayCodeChallenge", "MicwayCodeChallenge\MicwayCodeChallenge.csproj", "{D17015EC-BD85-4F3A-9464-1B8B26CEEF99}"
EndProject
Project("{FAE04EC0-301F-11D3-BF4B-00C04F79EFBC}") = "MicwayCodeChallenge.Test", "MicwayCodeChallenge.Test\MicwayCodeChallenge.Test.csproj", "{DE4E6F1F-E818-4432-8541-64F8AE364E76}"
EndProject
Global
	GlobalSection(SolutionConfigurationPlatforms) = preSolution
		Debug|Any CPU = Debug|Any CPU
		Release|Any CPU = Release|Any CPU
	EndGlobalSection
	GlobalSection(ProjectConfigurationPlatforms) = postSolution
		{D17015EC-BD85-4F3A-9464-1B8B26CEEF99}.Debug|Any CPU.ActiveCfg = Debug|Any CPU
		{D17015EC-BD85-4F3A-9464-1B8B26CEEF99}.Debug|Any CPU.Build.0 = Debug|Any CPU
		{D17015EC-BD85-4F3A-9464-1B8B26CEEF99}.Release|Any CPU.ActiveCfg = Release|Any CPU
		{D17015EC-BD85-4F3A-9464-1B8B26CEEF99}.Release|Any CPU.Build.0 = Release|Any CPU
		{DE4E6F1F-E818-4432-8541-64F8AE364E76}.Debug|Any CPU.ActiveCfg = Debug|Any CPU
		{DE4E6F1F-E818-4432-8541-64F8AE364E76}.Debug|Any CPU.Build.0 = Debug|Any CPU
		{DE4E6F1F-E818-4432-8541-64F8AE364E76}.Release|Any CPU.ActiveCfg = Release|Any CPU
		{DE4E6F1F-E818-4432-8541-64F8AE364E76}.Release|Any CPU.Build.0 = Release|Any CPU
	EndGlobalSection
	GlobalSection(SolutionProperties) = preSolution
		HideSolutionNode = FALSE
	EndGlobalSection
	GlobalSection(ExtensibilityGlobals) = postSolution
		SolutionGuid = {B107C5B4-6FF0-44B2-818E-F4A57A0D5823}
	EndGlobalSection
EndGlobal
